// !$*UTF8*$!
{
	archiveVersion = 1;
	classes = {
	};
	objectVersion = 46;
	objects = {

/* Begin PBXBuildFile section */
		6DAE38508BFDBBB542D98D71 /* libPods-Ebola.a in Frameworks */ = {isa = PBXBuildFile; fileRef = 169D85C7335A167E990A4E14 /* libPods-Ebola.a */; };
		D00CB55119E7748A002445DC /* main.m in Sources */ = {isa = PBXBuildFile; fileRef = D00CB55019E7748A002445DC /* main.m */; };
		D00CB55419E7748B002445DC /* AppDelegate.m in Sources */ = {isa = PBXBuildFile; fileRef = D00CB55319E7748B002445DC /* AppDelegate.m */; };
		D00CB55719E7748B002445DC /* PrimaryViewController.m in Sources */ = {isa = PBXBuildFile; fileRef = D00CB55619E7748B002445DC /* PrimaryViewController.m */; };
		D00CB55A19E7748B002445DC /* Main.storyboard in Resources */ = {isa = PBXBuildFile; fileRef = D00CB55819E7748B002445DC /* Main.storyboard */; };
		D00CB55C19E7748B002445DC /* Images.xcassets in Resources */ = {isa = PBXBuildFile; fileRef = D00CB55B19E7748B002445DC /* Images.xcassets */; };
		D00CB55F19E7748B002445DC /* LaunchScreen.xib in Resources */ = {isa = PBXBuildFile; fileRef = D00CB55D19E7748B002445DC /* LaunchScreen.xib */; };
		D00CB56B19E7748B002445DC /* EbolaTests.m in Sources */ = {isa = PBXBuildFile; fileRef = D00CB56A19E7748B002445DC /* EbolaTests.m */; };
		D018E6A31A12E29A008CD2B7 /* UIView+Glow.m in Sources */ = {isa = PBXBuildFile; fileRef = D018E6A21A12E29A008CD2B7 /* UIView+Glow.m */; };
		D023EB8A1A0DD37300ABBC76 /* AudioToolbox.framework in Frameworks */ = {isa = PBXBuildFile; fileRef = D023EB891A0DD37300ABBC76 /* AudioToolbox.framework */; };
		D023EB8C1A0DD37B00ABBC76 /* CFNetwork.framework in Frameworks */ = {isa = PBXBuildFile; fileRef = D023EB8B1A0DD37B00ABBC76 /* CFNetwork.framework */; };
		D023EB8E1A0DD38600ABBC76 /* CoreGraphics.framework in Frameworks */ = {isa = PBXBuildFile; fileRef = D023EB8D1A0DD38600ABBC76 /* CoreGraphics.framework */; };
		D023EB901A0DD39500ABBC76 /* MobileCoreServices.framework in Frameworks */ = {isa = PBXBuildFile; fileRef = D023EB8F1A0DD39500ABBC76 /* MobileCoreServices.framework */; };
		D023EB921A0DD3A200ABBC76 /* Security.framework in Frameworks */ = {isa = PBXBuildFile; fileRef = D023EB911A0DD3A200ABBC76 /* Security.framework */; };
		D023EB941A0DD3AA00ABBC76 /* StoreKit.framework in Frameworks */ = {isa = PBXBuildFile; fileRef = D023EB931A0DD3AA00ABBC76 /* StoreKit.framework */; };
		D023EB961A0DD3B100ABBC76 /* SystemConfiguration.framework in Frameworks */ = {isa = PBXBuildFile; fileRef = D023EB951A0DD3B100ABBC76 /* SystemConfiguration.framework */; };
		D02494B51A0AB04300135EF5 /* StatsView.xib in Resources */ = {isa = PBXBuildFile; fileRef = D02494B41A0AB04300135EF5 /* StatsView.xib */; };
		D02494B81A0AB05500135EF5 /* StatsView.m in Sources */ = {isa = PBXBuildFile; fileRef = D02494B71A0AB05500135EF5 /* StatsView.m */; };
		D0329F3E1A033B640044A4CE /* EbolaMapView.m in Sources */ = {isa = PBXBuildFile; fileRef = D0329F3D1A033B640044A4CE /* EbolaMapView.m */; };
		D0329F441A034B430044A4CE /* UIImage+Overlay.m in Sources */ = {isa = PBXBuildFile; fileRef = D0329F431A034B430044A4CE /* UIImage+Overlay.m */; };
		D0343A831A059C04001D4CF0 /* CoreData.framework in Frameworks */ = {isa = PBXBuildFile; fileRef = D0343A821A059C04001D4CF0 /* CoreData.framework */; };
		D0420C761A1AF5A30044099D /* TwitterKitResources.bundle in Resources */ = {isa = PBXBuildFile; fileRef = D0420C721A1AF5A30044099D /* TwitterKitResources.bundle */; };
		D0420C771A1AF5A30044099D /* TwitterKit.framework in Frameworks */ = {isa = PBXBuildFile; fileRef = D0420C731A1AF5A30044099D /* TwitterKit.framework */; };
		D0420C9D1A1B042F0044099D /* AVFoundation.framework in Frameworks */ = {isa = PBXBuildFile; fileRef = D0420C9C1A1B042F0044099D /* AVFoundation.framework */; };
		D0420E141A1B1F900044099D /* AdSupport.framework in Frameworks */ = {isa = PBXBuildFile; fileRef = D0420E131A1B1F900044099D /* AdSupport.framework */; };
		D0420E161A1B1F9C0044099D /* CoreTelephony.framework in Frameworks */ = {isa = PBXBuildFile; fileRef = D0420E151A1B1F9C0044099D /* CoreTelephony.framework */; };
		D0420E191A1B1FA40044099D /* EventKit.framework in Frameworks */ = {isa = PBXBuildFile; fileRef = D0420E171A1B1FA40044099D /* EventKit.framework */; };
		D0420E1A1A1B1FA40044099D /* EventKitUI.framework in Frameworks */ = {isa = PBXBuildFile; fileRef = D0420E181A1B1FA40044099D /* EventKitUI.framework */; };
		D0420E1C1A1B1FB10044099D /* MediaPlayer.framework in Frameworks */ = {isa = PBXBuildFile; fileRef = D0420E1B1A1B1FB10044099D /* MediaPlayer.framework */; };
		D0420E1E1A1B1FC60044099D /* UIKit.framework in Frameworks */ = {isa = PBXBuildFile; fileRef = D0420E1D1A1B1FC60044099D /* UIKit.framework */; };
		D0420E201A1B1FE50044099D /* iAd.framework in Frameworks */ = {isa = PBXBuildFile; fileRef = D0420E1F1A1B1FE50044099D /* iAd.framework */; };
		D0420E221A1B1FEE0044099D /* MessageUI.framework in Frameworks */ = {isa = PBXBuildFile; fileRef = D0420E211A1B1FED0044099D /* MessageUI.framework */; };
		D0420E241A1B1FF50044099D /* PassKit.framework in Frameworks */ = {isa = PBXBuildFile; fileRef = D0420E231A1B1FF50044099D /* PassKit.framework */; };
		D04B4CBD1A155E55008401EB /* UIBezierPath+Shapes.m in Sources */ = {isa = PBXBuildFile; fileRef = D04B4CBC1A155E55008401EB /* UIBezierPath+Shapes.m */; };
		D04B4CC51A155FC8008401EB /* CBZRasterSplashView.m in Sources */ = {isa = PBXBuildFile; fileRef = D04B4CC01A155FC8008401EB /* CBZRasterSplashView.m */; };
		D04B4CC61A155FC8008401EB /* CBZSplashView.m in Sources */ = {isa = PBXBuildFile; fileRef = D04B4CC21A155FC8008401EB /* CBZSplashView.m */; };
		D04B4CC71A155FC8008401EB /* CBZVectorSplashView.m in Sources */ = {isa = PBXBuildFile; fileRef = D04B4CC41A155FC8008401EB /* CBZVectorSplashView.m */; };
		D056DA9D1A21C73600865004 /* UIImage+Extensions.m in Sources */ = {isa = PBXBuildFile; fileRef = D056DA9C1A21C73600865004 /* UIImage+Extensions.m */; };
		D07975941A06020200C0D232 /* QuartzCore.framework in Frameworks */ = {isa = PBXBuildFile; fileRef = D07975931A06020200C0D232 /* QuartzCore.framework */; };
		D07975971A06062400C0D232 /* CircleView.m in Sources */ = {isa = PBXBuildFile; fileRef = D07975961A06062400C0D232 /* CircleView.m */; };
		D079759D1A089EC600C0D232 /* OutbreakDatapoint.m in Sources */ = {isa = PBXBuildFile; fileRef = D079759C1A089EC600C0D232 /* OutbreakDatapoint.m */; };
		D07975A01A08D0E600C0D232 /* LocalizedOutbreak.m in Sources */ = {isa = PBXBuildFile; fileRef = D079759F1A08D0E500C0D232 /* LocalizedOutbreak.m */; };
		D0897B2F1A15E8CD00AE0F7E /* NoConnectionView.xib in Resources */ = {isa = PBXBuildFile; fileRef = D0897B2E1A15E8CD00AE0F7E /* NoConnectionView.xib */; };
		D09C63B419FC14F2003C2BCB /* libsqlite3.dylib in Frameworks */ = {isa = PBXBuildFile; fileRef = D09C63B319FC14F2003C2BCB /* libsqlite3.dylib */; };
		D09C63B619FC14FD003C2BCB /* libz.dylib in Frameworks */ = {isa = PBXBuildFile; fileRef = D09C63B519FC14FD003C2BCB /* libz.dylib */; };
		D0A2A0A91A116441006DFB92 /* EbolaLocationManager.m in Sources */ = {isa = PBXBuildFile; fileRef = D0A2A0A81A116441006DFB92 /* EbolaLocationManager.m */; };
		D0A7B2A31A154FCB00FCE9A8 /* BEMCircle.m in Sources */ = {isa = PBXBuildFile; fileRef = D0A7B29E1A154FCB00FCE9A8 /* BEMCircle.m */; };
		D0A7B2A41A154FCB00FCE9A8 /* BEMLine.m in Sources */ = {isa = PBXBuildFile; fileRef = D0A7B2A01A154FCB00FCE9A8 /* BEMLine.m */; };
		D0A7B2A51A154FCB00FCE9A8 /* BEMSimpleLineGraphView.m in Sources */ = {isa = PBXBuildFile; fileRef = D0A7B2A21A154FCB00FCE9A8 /* BEMSimpleLineGraphView.m */; };
		D0EFF3B11A05A86600944E95 /* Ebola.xcdatamodeld in Sources */ = {isa = PBXBuildFile; fileRef = D0EFF3AF1A05A86600944E95 /* Ebola.xcdatamodeld */; };
		D0EFF3B81A05ABD400944E95 /* EbolaDataManager.m in Sources */ = {isa = PBXBuildFile; fileRef = D0EFF3B71A05ABD400944E95 /* EbolaDataManager.m */; };
/* End PBXBuildFile section */

/* Begin PBXContainerItemProxy section */
		D00CB56519E7748B002445DC /* PBXContainerItemProxy */ = {
			isa = PBXContainerItemProxy;
			containerPortal = D00CB54319E7748A002445DC /* Project object */;
			proxyType = 1;
			remoteGlobalIDString = D00CB54A19E7748A002445DC;
			remoteInfo = Ebola;
		};
/* End PBXContainerItemProxy section */

/* Begin PBXFileReference section */
		0C46AFCD75C66F4561F9758B /* Pods-Ebola.debug.xcconfig */ = {isa = PBXFileReference; includeInIndex = 1; lastKnownFileType = text.xcconfig; name = "Pods-Ebola.debug.xcconfig"; path = "Pods/Target Support Files/Pods-Ebola/Pods-Ebola.debug.xcconfig"; sourceTree = "<group>"; };
		169D85C7335A167E990A4E14 /* libPods-Ebola.a */ = {isa = PBXFileReference; explicitFileType = archive.ar; includeInIndex = 0; path = "libPods-Ebola.a"; sourceTree = BUILT_PRODUCTS_DIR; };
		449D6882E646FA338515765D /* Pods-Ebola.release.xcconfig */ = {isa = PBXFileReference; includeInIndex = 1; lastKnownFileType = text.xcconfig; name = "Pods-Ebola.release.xcconfig"; path = "Pods/Target Support Files/Pods-Ebola/Pods-Ebola.release.xcconfig"; sourceTree = "<group>"; };
		D00CB54B19E7748A002445DC /* Ebola.app */ = {isa = PBXFileReference; explicitFileType = wrapper.application; includeInIndex = 0; path = Ebola.app; sourceTree = BUILT_PRODUCTS_DIR; };
		D00CB54F19E7748A002445DC /* Info.plist */ = {isa = PBXFileReference; lastKnownFileType = text.plist.xml; path = Info.plist; sourceTree = "<group>"; };
		D00CB55019E7748A002445DC /* main.m */ = {isa = PBXFileReference; lastKnownFileType = sourcecode.c.objc; path = main.m; sourceTree = "<group>"; };
		D00CB55219E7748B002445DC /* AppDelegate.h */ = {isa = PBXFileReference; lastKnownFileType = sourcecode.c.h; path = AppDelegate.h; sourceTree = "<group>"; };
		D00CB55319E7748B002445DC /* AppDelegate.m */ = {isa = PBXFileReference; lastKnownFileType = sourcecode.c.objc; path = AppDelegate.m; sourceTree = "<group>"; };
		D00CB55519E7748B002445DC /* PrimaryViewController.h */ = {isa = PBXFileReference; lastKnownFileType = sourcecode.c.h; path = PrimaryViewController.h; sourceTree = "<group>"; };
		D00CB55619E7748B002445DC /* PrimaryViewController.m */ = {isa = PBXFileReference; lastKnownFileType = sourcecode.c.objc; path = PrimaryViewController.m; sourceTree = "<group>"; };
		D00CB55919E7748B002445DC /* Base */ = {isa = PBXFileReference; lastKnownFileType = file.storyboard; name = Base; path = Base.lproj/Main.storyboard; sourceTree = "<group>"; };
		D00CB55B19E7748B002445DC /* Images.xcassets */ = {isa = PBXFileReference; lastKnownFileType = folder.assetcatalog; path = Images.xcassets; sourceTree = "<group>"; };
		D00CB55E19E7748B002445DC /* Base */ = {isa = PBXFileReference; lastKnownFileType = file.xib; name = Base; path = Base.lproj/LaunchScreen.xib; sourceTree = "<group>"; };
		D00CB56419E7748B002445DC /* EbolaTests.xctest */ = {isa = PBXFileReference; explicitFileType = wrapper.cfbundle; includeInIndex = 0; path = EbolaTests.xctest; sourceTree = BUILT_PRODUCTS_DIR; };
		D00CB56919E7748B002445DC /* Info.plist */ = {isa = PBXFileReference; lastKnownFileType = text.plist.xml; path = Info.plist; sourceTree = "<group>"; };
		D00CB56A19E7748B002445DC /* EbolaTests.m */ = {isa = PBXFileReference; lastKnownFileType = sourcecode.c.objc; path = EbolaTests.m; sourceTree = "<group>"; };
		D018E6A11A12E29A008CD2B7 /* UIView+Glow.h */ = {isa = PBXFileReference; fileEncoding = 4; lastKnownFileType = sourcecode.c.h; path = "UIView+Glow.h"; sourceTree = "<group>"; };
		D018E6A21A12E29A008CD2B7 /* UIView+Glow.m */ = {isa = PBXFileReference; fileEncoding = 4; lastKnownFileType = sourcecode.c.objc; path = "UIView+Glow.m"; sourceTree = "<group>"; };
		D023EB891A0DD37300ABBC76 /* AudioToolbox.framework */ = {isa = PBXFileReference; lastKnownFileType = wrapper.framework; name = AudioToolbox.framework; path = System/Library/Frameworks/AudioToolbox.framework; sourceTree = SDKROOT; };
		D023EB8B1A0DD37B00ABBC76 /* CFNetwork.framework */ = {isa = PBXFileReference; lastKnownFileType = wrapper.framework; name = CFNetwork.framework; path = System/Library/Frameworks/CFNetwork.framework; sourceTree = SDKROOT; };
		D023EB8D1A0DD38600ABBC76 /* CoreGraphics.framework */ = {isa = PBXFileReference; lastKnownFileType = wrapper.framework; name = CoreGraphics.framework; path = System/Library/Frameworks/CoreGraphics.framework; sourceTree = SDKROOT; };
		D023EB8F1A0DD39500ABBC76 /* MobileCoreServices.framework */ = {isa = PBXFileReference; lastKnownFileType = wrapper.framework; name = MobileCoreServices.framework; path = System/Library/Frameworks/MobileCoreServices.framework; sourceTree = SDKROOT; };
		D023EB911A0DD3A200ABBC76 /* Security.framework */ = {isa = PBXFileReference; lastKnownFileType = wrapper.framework; name = Security.framework; path = System/Library/Frameworks/Security.framework; sourceTree = SDKROOT; };
		D023EB931A0DD3AA00ABBC76 /* StoreKit.framework */ = {isa = PBXFileReference; lastKnownFileType = wrapper.framework; name = StoreKit.framework; path = System/Library/Frameworks/StoreKit.framework; sourceTree = SDKROOT; };
		D023EB951A0DD3B100ABBC76 /* SystemConfiguration.framework */ = {isa = PBXFileReference; lastKnownFileType = wrapper.framework; name = SystemConfiguration.framework; path = System/Library/Frameworks/SystemConfiguration.framework; sourceTree = SDKROOT; };
		D02494B41A0AB04300135EF5 /* StatsView.xib */ = {isa = PBXFileReference; fileEncoding = 4; lastKnownFileType = file.xib; path = StatsView.xib; sourceTree = "<group>"; };
		D02494B61A0AB05500135EF5 /* StatsView.h */ = {isa = PBXFileReference; fileEncoding = 4; lastKnownFileType = sourcecode.c.h; path = StatsView.h; sourceTree = "<group>"; };
		D02494B71A0AB05500135EF5 /* StatsView.m */ = {isa = PBXFileReference; fileEncoding = 4; lastKnownFileType = sourcecode.c.objc; path = StatsView.m; sourceTree = "<group>"; };
		D0329F3C1A033B640044A4CE /* EbolaMapView.h */ = {isa = PBXFileReference; fileEncoding = 4; lastKnownFileType = sourcecode.c.h; path = EbolaMapView.h; sourceTree = "<group>"; };
		D0329F3D1A033B640044A4CE /* EbolaMapView.m */ = {isa = PBXFileReference; fileEncoding = 4; lastKnownFileType = sourcecode.c.objc; path = EbolaMapView.m; sourceTree = "<group>"; };
		D0329F421A034B430044A4CE /* UIImage+Overlay.h */ = {isa = PBXFileReference; fileEncoding = 4; lastKnownFileType = sourcecode.c.h; path = "UIImage+Overlay.h"; sourceTree = "<group>"; };
		D0329F431A034B430044A4CE /* UIImage+Overlay.m */ = {isa = PBXFileReference; fileEncoding = 4; lastKnownFileType = sourcecode.c.objc; path = "UIImage+Overlay.m"; sourceTree = "<group>"; };
		D0343A821A059C04001D4CF0 /* CoreData.framework */ = {isa = PBXFileReference; lastKnownFileType = wrapper.framework; name = CoreData.framework; path = System/Library/Frameworks/CoreData.framework; sourceTree = SDKROOT; };
		D0420C721A1AF5A30044099D /* TwitterKitResources.bundle */ = {isa = PBXFileReference; lastKnownFileType = "wrapper.plug-in"; name = TwitterKitResources.bundle; path = Frameworks/TwitterKitResources.bundle; sourceTree = "<group>"; };
		D0420C731A1AF5A30044099D /* TwitterKit.framework */ = {isa = PBXFileReference; lastKnownFileType = wrapper.framework; name = TwitterKit.framework; path = Frameworks/TwitterKit.framework; sourceTree = "<group>"; };
		D0420C9C1A1B042F0044099D /* AVFoundation.framework */ = {isa = PBXFileReference; lastKnownFileType = wrapper.framework; name = AVFoundation.framework; path = System/Library/Frameworks/AVFoundation.framework; sourceTree = SDKROOT; };
		D0420E131A1B1F900044099D /* AdSupport.framework */ = {isa = PBXFileReference; lastKnownFileType = wrapper.framework; name = AdSupport.framework; path = System/Library/Frameworks/AdSupport.framework; sourceTree = SDKROOT; };
		D0420E151A1B1F9C0044099D /* CoreTelephony.framework */ = {isa = PBXFileReference; lastKnownFileType = wrapper.framework; name = CoreTelephony.framework; path = System/Library/Frameworks/CoreTelephony.framework; sourceTree = SDKROOT; };
		D0420E171A1B1FA40044099D /* EventKit.framework */ = {isa = PBXFileReference; lastKnownFileType = wrapper.framework; name = EventKit.framework; path = System/Library/Frameworks/EventKit.framework; sourceTree = SDKROOT; };
		D0420E181A1B1FA40044099D /* EventKitUI.framework */ = {isa = PBXFileReference; lastKnownFileType = wrapper.framework; name = EventKitUI.framework; path = System/Library/Frameworks/EventKitUI.framework; sourceTree = SDKROOT; };
		D0420E1B1A1B1FB10044099D /* MediaPlayer.framework */ = {isa = PBXFileReference; lastKnownFileType = wrapper.framework; name = MediaPlayer.framework; path = System/Library/Frameworks/MediaPlayer.framework; sourceTree = SDKROOT; };
		D0420E1D1A1B1FC60044099D /* UIKit.framework */ = {isa = PBXFileReference; lastKnownFileType = wrapper.framework; name = UIKit.framework; path = System/Library/Frameworks/UIKit.framework; sourceTree = SDKROOT; };
		D0420E1F1A1B1FE50044099D /* iAd.framework */ = {isa = PBXFileReference; lastKnownFileType = wrapper.framework; name = iAd.framework; path = System/Library/Frameworks/iAd.framework; sourceTree = SDKROOT; };
		D0420E211A1B1FED0044099D /* MessageUI.framework */ = {isa = PBXFileReference; lastKnownFileType = wrapper.framework; name = MessageUI.framework; path = System/Library/Frameworks/MessageUI.framework; sourceTree = SDKROOT; };
		D0420E231A1B1FF50044099D /* PassKit.framework */ = {isa = PBXFileReference; lastKnownFileType = wrapper.framework; name = PassKit.framework; path = System/Library/Frameworks/PassKit.framework; sourceTree = SDKROOT; };
		D04B4CBB1A155E55008401EB /* UIBezierPath+Shapes.h */ = {isa = PBXFileReference; fileEncoding = 4; lastKnownFileType = sourcecode.c.h; path = "UIBezierPath+Shapes.h"; sourceTree = "<group>"; };
		D04B4CBC1A155E55008401EB /* UIBezierPath+Shapes.m */ = {isa = PBXFileReference; fileEncoding = 4; lastKnownFileType = sourcecode.c.objc; path = "UIBezierPath+Shapes.m"; sourceTree = "<group>"; };
		D04B4CBF1A155FC8008401EB /* CBZRasterSplashView.h */ = {isa = PBXFileReference; fileEncoding = 4; lastKnownFileType = sourcecode.c.h; path = CBZRasterSplashView.h; sourceTree = "<group>"; };
		D04B4CC01A155FC8008401EB /* CBZRasterSplashView.m */ = {isa = PBXFileReference; fileEncoding = 4; lastKnownFileType = sourcecode.c.objc; path = CBZRasterSplashView.m; sourceTree = "<group>"; };
		D04B4CC11A155FC8008401EB /* CBZSplashView.h */ = {isa = PBXFileReference; fileEncoding = 4; lastKnownFileType = sourcecode.c.h; path = CBZSplashView.h; sourceTree = "<group>"; };
		D04B4CC21A155FC8008401EB /* CBZSplashView.m */ = {isa = PBXFileReference; fileEncoding = 4; lastKnownFileType = sourcecode.c.objc; path = CBZSplashView.m; sourceTree = "<group>"; };
		D04B4CC31A155FC8008401EB /* CBZVectorSplashView.h */ = {isa = PBXFileReference; fileEncoding = 4; lastKnownFileType = sourcecode.c.h; path = CBZVectorSplashView.h; sourceTree = "<group>"; };
		D04B4CC41A155FC8008401EB /* CBZVectorSplashView.m */ = {isa = PBXFileReference; fileEncoding = 4; lastKnownFileType = sourcecode.c.objc; path = CBZVectorSplashView.m; sourceTree = "<group>"; };
		D056DA9B1A21C73600865004 /* UIImage+Extensions.h */ = {isa = PBXFileReference; fileEncoding = 4; lastKnownFileType = sourcecode.c.h; path = "UIImage+Extensions.h"; sourceTree = "<group>"; };
		D056DA9C1A21C73600865004 /* UIImage+Extensions.m */ = {isa = PBXFileReference; fileEncoding = 4; lastKnownFileType = sourcecode.c.objc; path = "UIImage+Extensions.m"; sourceTree = "<group>"; };
		D07975931A06020200C0D232 /* QuartzCore.framework */ = {isa = PBXFileReference; lastKnownFileType = wrapper.framework; name = QuartzCore.framework; path = System/Library/Frameworks/QuartzCore.framework; sourceTree = SDKROOT; };
		D07975951A06062400C0D232 /* CircleView.h */ = {isa = PBXFileReference; fileEncoding = 4; lastKnownFileType = sourcecode.c.h; path = CircleView.h; sourceTree = "<group>"; };
		D07975961A06062400C0D232 /* CircleView.m */ = {isa = PBXFileReference; fileEncoding = 4; lastKnownFileType = sourcecode.c.objc; path = CircleView.m; sourceTree = "<group>"; };
		D079759B1A089EC600C0D232 /* OutbreakDatapoint.h */ = {isa = PBXFileReference; fileEncoding = 4; lastKnownFileType = sourcecode.c.h; path = OutbreakDatapoint.h; sourceTree = "<group>"; };
		D079759C1A089EC600C0D232 /* OutbreakDatapoint.m */ = {isa = PBXFileReference; fileEncoding = 4; lastKnownFileType = sourcecode.c.objc; path = OutbreakDatapoint.m; sourceTree = "<group>"; };
		D079759E1A08D0E500C0D232 /* LocalizedOutbreak.h */ = {isa = PBXFileReference; fileEncoding = 4; lastKnownFileType = sourcecode.c.h; path = LocalizedOutbreak.h; sourceTree = "<group>"; };
		D079759F1A08D0E500C0D232 /* LocalizedOutbreak.m */ = {isa = PBXFileReference; fileEncoding = 4; lastKnownFileType = sourcecode.c.objc; path = LocalizedOutbreak.m; sourceTree = "<group>"; };
		D0897B2E1A15E8CD00AE0F7E /* NoConnectionView.xib */ = {isa = PBXFileReference; fileEncoding = 4; lastKnownFileType = file.xib; path = NoConnectionView.xib; sourceTree = "<group>"; };
		D09C63B319FC14F2003C2BCB /* libsqlite3.dylib */ = {isa = PBXFileReference; lastKnownFileType = "compiled.mach-o.dylib"; name = libsqlite3.dylib; path = usr/lib/libsqlite3.dylib; sourceTree = SDKROOT; };
		D09C63B519FC14FD003C2BCB /* libz.dylib */ = {isa = PBXFileReference; lastKnownFileType = "compiled.mach-o.dylib"; name = libz.dylib; path = usr/lib/libz.dylib; sourceTree = SDKROOT; };
		D0A2A0A71A116441006DFB92 /* EbolaLocationManager.h */ = {isa = PBXFileReference; fileEncoding = 4; lastKnownFileType = sourcecode.c.h; path = EbolaLocationManager.h; sourceTree = "<group>"; };
		D0A2A0A81A116441006DFB92 /* EbolaLocationManager.m */ = {isa = PBXFileReference; fileEncoding = 4; lastKnownFileType = sourcecode.c.objc; path = EbolaLocationManager.m; sourceTree = "<group>"; };
		D0A7B29D1A154FCB00FCE9A8 /* BEMCircle.h */ = {isa = PBXFileReference; fileEncoding = 4; lastKnownFileType = sourcecode.c.h; path = BEMCircle.h; sourceTree = "<group>"; };
		D0A7B29E1A154FCB00FCE9A8 /* BEMCircle.m */ = {isa = PBXFileReference; fileEncoding = 4; lastKnownFileType = sourcecode.c.objc; path = BEMCircle.m; sourceTree = "<group>"; };
		D0A7B29F1A154FCB00FCE9A8 /* BEMLine.h */ = {isa = PBXFileReference; fileEncoding = 4; lastKnownFileType = sourcecode.c.h; path = BEMLine.h; sourceTree = "<group>"; };
		D0A7B2A01A154FCB00FCE9A8 /* BEMLine.m */ = {isa = PBXFileReference; fileEncoding = 4; lastKnownFileType = sourcecode.c.objc; path = BEMLine.m; sourceTree = "<group>"; };
		D0A7B2A11A154FCB00FCE9A8 /* BEMSimpleLineGraphView.h */ = {isa = PBXFileReference; fileEncoding = 4; lastKnownFileType = sourcecode.c.h; path = BEMSimpleLineGraphView.h; sourceTree = "<group>"; };
		D0A7B2A21A154FCB00FCE9A8 /* BEMSimpleLineGraphView.m */ = {isa = PBXFileReference; fileEncoding = 4; lastKnownFileType = sourcecode.c.objc; path = BEMSimpleLineGraphView.m; sourceTree = "<group>"; };
		D0EFF3B01A05A86600944E95 /* Ebola.xcdatamodel */ = {isa = PBXFileReference; lastKnownFileType = wrapper.xcdatamodel; path = Ebola.xcdatamodel; sourceTree = "<group>"; };
		D0EFF3B61A05ABD400944E95 /* EbolaDataManager.h */ = {isa = PBXFileReference; fileEncoding = 4; lastKnownFileType = sourcecode.c.h; lineEnding = 0; path = EbolaDataManager.h; sourceTree = "<group>"; xcLanguageSpecificationIdentifier = xcode.lang.objcpp; };
		D0EFF3B71A05ABD400944E95 /* EbolaDataManager.m */ = {isa = PBXFileReference; fileEncoding = 4; lastKnownFileType = sourcecode.c.objc; lineEnding = 0; path = EbolaDataManager.m; sourceTree = "<group>"; xcLanguageSpecificationIdentifier = xcode.lang.objc; };
		D0EFF3B91A05AC4200944E95 /* EbolaConfig.h */ = {isa = PBXFileReference; lastKnownFileType = sourcecode.c.h; path = EbolaConfig.h; sourceTree = "<group>"; };
		D0EFF3BA1A05AC8B00944E95 /* PrefixHeader.pch */ = {isa = PBXFileReference; lastKnownFileType = sourcecode.c.h; path = PrefixHeader.pch; sourceTree = "<group>"; };
/* End PBXFileReference section */

/* Begin PBXFrameworksBuildPhase section */
		D00CB54819E7748A002445DC /* Frameworks */ = {
			isa = PBXFrameworksBuildPhase;
			buildActionMask = 2147483647;
			files = (
				D0420E241A1B1FF50044099D /* PassKit.framework in Frameworks */,
				D0420E221A1B1FEE0044099D /* MessageUI.framework in Frameworks */,
				D0420E201A1B1FE50044099D /* iAd.framework in Frameworks */,
				D0420C9D1A1B042F0044099D /* AVFoundation.framework in Frameworks */,
				D0420E1E1A1B1FC60044099D /* UIKit.framework in Frameworks */,
				D023EB941A0DD3AA00ABBC76 /* StoreKit.framework in Frameworks */,
				D0420E1C1A1B1FB10044099D /* MediaPlayer.framework in Frameworks */,
				D0420E191A1B1FA40044099D /* EventKit.framework in Frameworks */,
				D0420E1A1A1B1FA40044099D /* EventKitUI.framework in Frameworks */,
				D0420E161A1B1F9C0044099D /* CoreTelephony.framework in Frameworks */,
				D0420E141A1B1F900044099D /* AdSupport.framework in Frameworks */,
				D023EB961A0DD3B100ABBC76 /* SystemConfiguration.framework in Frameworks */,
				D023EB921A0DD3A200ABBC76 /* Security.framework in Frameworks */,
				D023EB901A0DD39500ABBC76 /* MobileCoreServices.framework in Frameworks */,
				D023EB8E1A0DD38600ABBC76 /* CoreGraphics.framework in Frameworks */,
				D023EB8C1A0DD37B00ABBC76 /* CFNetwork.framework in Frameworks */,
				D023EB8A1A0DD37300ABBC76 /* AudioToolbox.framework in Frameworks */,
				D07975941A06020200C0D232 /* QuartzCore.framework in Frameworks */,
				D0343A831A059C04001D4CF0 /* CoreData.framework in Frameworks */,
				D09C63B619FC14FD003C2BCB /* libz.dylib in Frameworks */,
				D09C63B419FC14F2003C2BCB /* libsqlite3.dylib in Frameworks */,
				6DAE38508BFDBBB542D98D71 /* libPods-Ebola.a in Frameworks */,
				D0420C771A1AF5A30044099D /* TwitterKit.framework in Frameworks */,
			);
			runOnlyForDeploymentPostprocessing = 0;
		};
		D00CB56119E7748B002445DC /* Frameworks */ = {
			isa = PBXFrameworksBuildPhase;
			buildActionMask = 2147483647;
			files = (
			);
			runOnlyForDeploymentPostprocessing = 0;
		};
/* End PBXFrameworksBuildPhase section */

/* Begin PBXGroup section */
		4C83E446AADAFD1021C04B9D /* Frameworks */ = {
			isa = PBXGroup;
			children = (
				D0420E231A1B1FF50044099D /* PassKit.framework */,
				D0420E211A1B1FED0044099D /* MessageUI.framework */,
				D0420E1F1A1B1FE50044099D /* iAd.framework */,
				D0420E1D1A1B1FC60044099D /* UIKit.framework */,
				D0420E1B1A1B1FB10044099D /* MediaPlayer.framework */,
				D0420E171A1B1FA40044099D /* EventKit.framework */,
				D0420E181A1B1FA40044099D /* EventKitUI.framework */,
				D0420E151A1B1F9C0044099D /* CoreTelephony.framework */,
				D0420E131A1B1F900044099D /* AdSupport.framework */,
				D0420C9C1A1B042F0044099D /* AVFoundation.framework */,
				D0420C721A1AF5A30044099D /* TwitterKitResources.bundle */,
				D0420C731A1AF5A30044099D /* TwitterKit.framework */,
				D023EB951A0DD3B100ABBC76 /* SystemConfiguration.framework */,
				D023EB931A0DD3AA00ABBC76 /* StoreKit.framework */,
				D023EB911A0DD3A200ABBC76 /* Security.framework */,
				D023EB8F1A0DD39500ABBC76 /* MobileCoreServices.framework */,
				D023EB8D1A0DD38600ABBC76 /* CoreGraphics.framework */,
				D023EB8B1A0DD37B00ABBC76 /* CFNetwork.framework */,
				D023EB891A0DD37300ABBC76 /* AudioToolbox.framework */,
				D07975931A06020200C0D232 /* QuartzCore.framework */,
				D0343A821A059C04001D4CF0 /* CoreData.framework */,
				D09C63B519FC14FD003C2BCB /* libz.dylib */,
				D09C63B319FC14F2003C2BCB /* libsqlite3.dylib */,
				169D85C7335A167E990A4E14 /* libPods-Ebola.a */,
			);
			name = Frameworks;
			sourceTree = "<group>";
		};
		D00CB54219E7748A002445DC = {
			isa = PBXGroup;
			children = (
				D00CB54D19E7748A002445DC /* Ebola */,
				D00CB56719E7748B002445DC /* EbolaTests */,
				D00CB54C19E7748A002445DC /* Products */,
				DA7141F6622E7D7783F566A5 /* Pods */,
				4C83E446AADAFD1021C04B9D /* Frameworks */,
			);
			sourceTree = "<group>";
		};
		D00CB54C19E7748A002445DC /* Products */ = {
			isa = PBXGroup;
			children = (
				D00CB54B19E7748A002445DC /* Ebola.app */,
				D00CB56419E7748B002445DC /* EbolaTests.xctest */,
			);
			name = Products;
			sourceTree = "<group>";
		};
		D00CB54D19E7748A002445DC /* Ebola */ = {
			isa = PBXGroup;
			children = (
				D0EFF3B91A05AC4200944E95 /* EbolaConfig.h */,
				D00CB55219E7748B002445DC /* AppDelegate.h */,
				D00CB55319E7748B002445DC /* AppDelegate.m */,
				D0A2A0A71A116441006DFB92 /* EbolaLocationManager.h */,
				D0A2A0A81A116441006DFB92 /* EbolaLocationManager.m */,
				D0EFF3B51A05A8EF00944E95 /* CoreData */,
				D0343A7E1A059822001D4CF0 /* Views */,
				D0343A7F1A05982A001D4CF0 /* View Controllers */,
				D0343A811A059852001D4CF0 /* Categories */,
				D0343A801A059842001D4CF0 /* Visual Assets */,
				D00CB54E19E7748A002445DC /* Supporting Files */,
			);
			path = Ebola;
			sourceTree = "<group>";
		};
		D00CB54E19E7748A002445DC /* Supporting Files */ = {
			isa = PBXGroup;
			children = (
				D0EFF3BA1A05AC8B00944E95 /* PrefixHeader.pch */,
				D00CB54F19E7748A002445DC /* Info.plist */,
				D00CB55019E7748A002445DC /* main.m */,
			);
			name = "Supporting Files";
			sourceTree = "<group>";
		};
		D00CB56719E7748B002445DC /* EbolaTests */ = {
			isa = PBXGroup;
			children = (
				D00CB56A19E7748B002445DC /* EbolaTests.m */,
				D00CB56819E7748B002445DC /* Supporting Files */,
			);
			path = EbolaTests;
			sourceTree = "<group>";
		};
		D00CB56819E7748B002445DC /* Supporting Files */ = {
			isa = PBXGroup;
			children = (
				D00CB56919E7748B002445DC /* Info.plist */,
			);
			name = "Supporting Files";
			sourceTree = "<group>";
		};
		D0343A7E1A059822001D4CF0 /* Views */ = {
			isa = PBXGroup;
			children = (
				D0897B2E1A15E8CD00AE0F7E /* NoConnectionView.xib */,
				D04B4CBE1A155FC8008401EB /* CBZSplashView */,
				D042C9A41A13E9A700B43351 /* BEMSimpleLineGraph */,
				D02494B41A0AB04300135EF5 /* StatsView.xib */,
				D02494B61A0AB05500135EF5 /* StatsView.h */,
				D02494B71A0AB05500135EF5 /* StatsView.m */,
				D07975951A06062400C0D232 /* CircleView.h */,
				D07975961A06062400C0D232 /* CircleView.m */,
				D0329F3C1A033B640044A4CE /* EbolaMapView.h */,
				D0329F3D1A033B640044A4CE /* EbolaMapView.m */,
			);
			name = Views;
			sourceTree = "<group>";
		};
		D0343A7F1A05982A001D4CF0 /* View Controllers */ = {
			isa = PBXGroup;
			children = (
				D00CB55819E7748B002445DC /* Main.storyboard */,
				D00CB55519E7748B002445DC /* PrimaryViewController.h */,
				D00CB55619E7748B002445DC /* PrimaryViewController.m */,
			);
			name = "View Controllers";
			sourceTree = "<group>";
		};
		D0343A801A059842001D4CF0 /* Visual Assets */ = {
			isa = PBXGroup;
			children = (
				D00CB55B19E7748B002445DC /* Images.xcassets */,
				D00CB55D19E7748B002445DC /* LaunchScreen.xib */,
			);
			name = "Visual Assets";
			sourceTree = "<group>";
		};
		D0343A811A059852001D4CF0 /* Categories */ = {
			isa = PBXGroup;
			children = (
				D018E6A11A12E29A008CD2B7 /* UIView+Glow.h */,
				D018E6A21A12E29A008CD2B7 /* UIView+Glow.m */,
				D04B4CBB1A155E55008401EB /* UIBezierPath+Shapes.h */,
				D04B4CBC1A155E55008401EB /* UIBezierPath+Shapes.m */,
				D0329F421A034B430044A4CE /* UIImage+Overlay.h */,
				D0329F431A034B430044A4CE /* UIImage+Overlay.m */,
				D056DA9B1A21C73600865004 /* UIImage+Extensions.h */,
				D056DA9C1A21C73600865004 /* UIImage+Extensions.m */,
			);
			name = Categories;
			sourceTree = "<group>";
		};
		D042C9A41A13E9A700B43351 /* BEMSimpleLineGraph */ = {
			isa = PBXGroup;
			children = (
				D0A7B29D1A154FCB00FCE9A8 /* BEMCircle.h */,
				D0A7B29E1A154FCB00FCE9A8 /* BEMCircle.m */,
				D0A7B29F1A154FCB00FCE9A8 /* BEMLine.h */,
				D0A7B2A01A154FCB00FCE9A8 /* BEMLine.m */,
				D0A7B2A11A154FCB00FCE9A8 /* BEMSimpleLineGraphView.h */,
				D0A7B2A21A154FCB00FCE9A8 /* BEMSimpleLineGraphView.m */,
			);
			path = BEMSimpleLineGraph;
			sourceTree = "<group>";
		};
		D04B4CBE1A155FC8008401EB /* CBZSplashView */ = {
			isa = PBXGroup;
			children = (
				D04B4CBF1A155FC8008401EB /* CBZRasterSplashView.h */,
				D04B4CC01A155FC8008401EB /* CBZRasterSplashView.m */,
				D04B4CC11A155FC8008401EB /* CBZSplashView.h */,
				D04B4CC21A155FC8008401EB /* CBZSplashView.m */,
				D04B4CC31A155FC8008401EB /* CBZVectorSplashView.h */,
				D04B4CC41A155FC8008401EB /* CBZVectorSplashView.m */,
			);
			path = CBZSplashView;
			sourceTree = "<group>";
		};
		D0EFF3B51A05A8EF00944E95 /* CoreData */ = {
			isa = PBXGroup;
			children = (
				D0EFF3B61A05ABD400944E95 /* EbolaDataManager.h */,
				D0EFF3B71A05ABD400944E95 /* EbolaDataManager.m */,
				D079759E1A08D0E500C0D232 /* LocalizedOutbreak.h */,
				D079759F1A08D0E500C0D232 /* LocalizedOutbreak.m */,
				D0EFF3AF1A05A86600944E95 /* Ebola.xcdatamodeld */,
				D079759B1A089EC600C0D232 /* OutbreakDatapoint.h */,
				D079759C1A089EC600C0D232 /* OutbreakDatapoint.m */,
			);
			name = CoreData;
			sourceTree = "<group>";
		};
		DA7141F6622E7D7783F566A5 /* Pods */ = {
			isa = PBXGroup;
			children = (
				0C46AFCD75C66F4561F9758B /* Pods-Ebola.debug.xcconfig */,
				449D6882E646FA338515765D /* Pods-Ebola.release.xcconfig */,
			);
			name = Pods;
			sourceTree = "<group>";
		};
/* End PBXGroup section */

/* Begin PBXNativeTarget section */
		D00CB54A19E7748A002445DC /* Ebola */ = {
			isa = PBXNativeTarget;
			buildConfigurationList = D00CB56E19E7748B002445DC /* Build configuration list for PBXNativeTarget "Ebola" */;
			buildPhases = (
				C1AA86F98CD6FFE90759BDD2 /* Check Pods Manifest.lock */,
				D00CB54719E7748A002445DC /* Sources */,
				D00CB54819E7748A002445DC /* Frameworks */,
				D00CB54919E7748A002445DC /* Resources */,
				0308EC7CCA82A87577EB7FBF /* Copy Pods Resources */,
			);
			buildRules = (
			);
			dependencies = (
			);
			name = Ebola;
			productName = Ebola;
			productReference = D00CB54B19E7748A002445DC /* Ebola.app */;
			productType = "com.apple.product-type.application";
		};
		D00CB56319E7748B002445DC /* EbolaTests */ = {
			isa = PBXNativeTarget;
			buildConfigurationList = D00CB57119E7748B002445DC /* Build configuration list for PBXNativeTarget "EbolaTests" */;
			buildPhases = (
				D00CB56019E7748B002445DC /* Sources */,
				D00CB56119E7748B002445DC /* Frameworks */,
				D00CB56219E7748B002445DC /* Resources */,
			);
			buildRules = (
			);
			dependencies = (
				D00CB56619E7748B002445DC /* PBXTargetDependency */,
			);
			name = EbolaTests;
			productName = EbolaTests;
			productReference = D00CB56419E7748B002445DC /* EbolaTests.xctest */;
			productType = "com.apple.product-type.bundle.unit-test";
		};
/* End PBXNativeTarget section */

/* Begin PBXProject section */
		D00CB54319E7748A002445DC /* Project object */ = {
			isa = PBXProject;
			attributes = {
				LastUpgradeCheck = 0600;
				ORGANIZATIONNAME = "Peter Kazazes";
				TargetAttributes = {
					D00CB54A19E7748A002445DC = {
						CreatedOnToolsVersion = 6.0.1;
					};
					D00CB56319E7748B002445DC = {
						CreatedOnToolsVersion = 6.0.1;
						TestTargetID = D00CB54A19E7748A002445DC;
					};
				};
			};
			buildConfigurationList = D00CB54619E7748A002445DC /* Build configuration list for PBXProject "Ebola" */;
			compatibilityVersion = "Xcode 3.2";
			developmentRegion = English;
			hasScannedForEncodings = 0;
			knownRegions = (
				en,
				Base,
			);
			mainGroup = D00CB54219E7748A002445DC;
			productRefGroup = D00CB54C19E7748A002445DC /* Products */;
			projectDirPath = "";
			projectRoot = "";
			targets = (
				D00CB54A19E7748A002445DC /* Ebola */,
				D00CB56319E7748B002445DC /* EbolaTests */,
			);
		};
/* End PBXProject section */

/* Begin PBXResourcesBuildPhase section */
		D00CB54919E7748A002445DC /* Resources */ = {
			isa = PBXResourcesBuildPhase;
			buildActionMask = 2147483647;
			files = (
				D02494B51A0AB04300135EF5 /* StatsView.xib in Resources */,
				D0897B2F1A15E8CD00AE0F7E /* NoConnectionView.xib in Resources */,
				D00CB55A19E7748B002445DC /* Main.storyboard in Resources */,
				D00CB55F19E7748B002445DC /* LaunchScreen.xib in Resources */,
				D0420C761A1AF5A30044099D /* TwitterKitResources.bundle in Resources */,
				D00CB55C19E7748B002445DC /* Images.xcassets in Resources */,
			);
			runOnlyForDeploymentPostprocessing = 0;
		};
		D00CB56219E7748B002445DC /* Resources */ = {
			isa = PBXResourcesBuildPhase;
			buildActionMask = 2147483647;
			files = (
			);
			runOnlyForDeploymentPostprocessing = 0;
		};
/* End PBXResourcesBuildPhase section */

/* Begin PBXShellScriptBuildPhase section */
		0308EC7CCA82A87577EB7FBF /* Copy Pods Resources */ = {
			isa = PBXShellScriptBuildPhase;
			buildActionMask = 2147483647;
			files = (
			);
			inputPaths = (
			);
			name = "Copy Pods Resources";
			outputPaths = (
			);
			runOnlyForDeploymentPostprocessing = 0;
			shellPath = /bin/sh;
			shellScript = "\"${SRCROOT}/Pods/Target Support Files/Pods-Ebola/Pods-Ebola-resources.sh\"\n";
			showEnvVarsInLog = 0;
		};
		C1AA86F98CD6FFE90759BDD2 /* Check Pods Manifest.lock */ = {
			isa = PBXShellScriptBuildPhase;
			buildActionMask = 2147483647;
			files = (
			);
			inputPaths = (
			);
			name = "Check Pods Manifest.lock";
			outputPaths = (
			);
			runOnlyForDeploymentPostprocessing = 0;
			shellPath = /bin/sh;
			shellScript = "diff \"${PODS_ROOT}/../Podfile.lock\" \"${PODS_ROOT}/Manifest.lock\" > /dev/null\nif [[ $? != 0 ]] ; then\n    cat << EOM\nerror: The sandbox is not in sync with the Podfile.lock. Run 'pod install' or update your CocoaPods installation.\nEOM\n    exit 1\nfi\n";
			showEnvVarsInLog = 0;
		};
/* End PBXShellScriptBuildPhase section */

/* Begin PBXSourcesBuildPhase section */
		D00CB54719E7748A002445DC /* Sources */ = {
			isa = PBXSourcesBuildPhase;
			buildActionMask = 2147483647;
			files = (
				D0A7B2A41A154FCB00FCE9A8 /* BEMLine.m in Sources */,
				D00CB55719E7748B002445DC /* PrimaryViewController.m in Sources */,
				D0A2A0A91A116441006DFB92 /* EbolaLocationManager.m in Sources */,
				D0329F3E1A033B640044A4CE /* EbolaMapView.m in Sources */,
				D04B4CBD1A155E55008401EB /* UIBezierPath+Shapes.m in Sources */,
				D07975971A06062400C0D232 /* CircleView.m in Sources */,
				D04B4CC61A155FC8008401EB /* CBZSplashView.m in Sources */,
				D0A7B2A31A154FCB00FCE9A8 /* BEMCircle.m in Sources */,
				D00CB55419E7748B002445DC /* AppDelegate.m in Sources */,
				D0A7B2A51A154FCB00FCE9A8 /* BEMSimpleLineGraphView.m in Sources */,
				D0EFF3B11A05A86600944E95 /* Ebola.xcdatamodeld in Sources */,
				D0EFF3B81A05ABD400944E95 /* EbolaDataManager.m in Sources */,
				D00CB55119E7748A002445DC /* main.m in Sources */,
				D0329F441A034B430044A4CE /* UIImage+Overlay.m in Sources */,
				D02494B81A0AB05500135EF5 /* StatsView.m in Sources */,
				D018E6A31A12E29A008CD2B7 /* UIView+Glow.m in Sources */,
				D056DA9D1A21C73600865004 /* UIImage+Extensions.m in Sources */,
				D04B4CC71A155FC8008401EB /* CBZVectorSplashView.m in Sources */,
				D04B4CC51A155FC8008401EB /* CBZRasterSplashView.m in Sources */,
				D07975A01A08D0E600C0D232 /* LocalizedOutbreak.m in Sources */,
				D079759D1A089EC600C0D232 /* OutbreakDatapoint.m in Sources */,
			);
			runOnlyForDeploymentPostprocessing = 0;
		};
		D00CB56019E7748B002445DC /* Sources */ = {
			isa = PBXSourcesBuildPhase;
			buildActionMask = 2147483647;
			files = (
				D00CB56B19E7748B002445DC /* EbolaTests.m in Sources */,
			);
			runOnlyForDeploymentPostprocessing = 0;
		};
/* End PBXSourcesBuildPhase section */

/* Begin PBXTargetDependency section */
		D00CB56619E7748B002445DC /* PBXTargetDependency */ = {
			isa = PBXTargetDependency;
			target = D00CB54A19E7748A002445DC /* Ebola */;
			targetProxy = D00CB56519E7748B002445DC /* PBXContainerItemProxy */;
		};
/* End PBXTargetDependency section */

/* Begin PBXVariantGroup section */
		D00CB55819E7748B002445DC /* Main.storyboard */ = {
			isa = PBXVariantGroup;
			children = (
				D00CB55919E7748B002445DC /* Base */,
			);
			name = Main.storyboard;
			sourceTree = "<group>";
		};
		D00CB55D19E7748B002445DC /* LaunchScreen.xib */ = {
			isa = PBXVariantGroup;
			children = (
				D00CB55E19E7748B002445DC /* Base */,
			);
			name = LaunchScreen.xib;
			sourceTree = "<group>";
		};
/* End PBXVariantGroup section */

/* Begin XCBuildConfiguration section */
		D00CB56C19E7748B002445DC /* Debug */ = {
			isa = XCBuildConfiguration;
			buildSettings = {
				ALWAYS_SEARCH_USER_PATHS = NO;
				CLANG_CXX_LANGUAGE_STANDARD = "gnu++0x";
				CLANG_CXX_LIBRARY = "libc++";
				CLANG_ENABLE_MODULES = YES;
				CLANG_ENABLE_OBJC_ARC = YES;
				CLANG_WARN_BOOL_CONVERSION = YES;
				CLANG_WARN_CONSTANT_CONVERSION = YES;
				CLANG_WARN_DIRECT_OBJC_ISA_USAGE = YES_ERROR;
				CLANG_WARN_EMPTY_BODY = YES;
				CLANG_WARN_ENUM_CONVERSION = YES;
				CLANG_WARN_INT_CONVERSION = YES;
				CLANG_WARN_OBJC_ROOT_CLASS = YES_ERROR;
				CLANG_WARN_UNREACHABLE_CODE = YES;
				CLANG_WARN__DUPLICATE_METHOD_MATCH = YES;
				"CODE_SIGN_IDENTITY[sdk=iphoneos*]" = "iPhone Developer";
				COPY_PHASE_STRIP = NO;
				ENABLE_STRICT_OBJC_MSGSEND = YES;
				GCC_C_LANGUAGE_STANDARD = gnu99;
				GCC_DYNAMIC_NO_PIC = NO;
				GCC_OPTIMIZATION_LEVEL = 0;
				GCC_PREPROCESSOR_DEFINITIONS = (
					"DEBUG=1",
					"$(inherited)",
				);
				GCC_SYMBOLS_PRIVATE_EXTERN = NO;
				GCC_WARN_64_TO_32_BIT_CONVERSION = YES;
				GCC_WARN_ABOUT_RETURN_TYPE = YES_ERROR;
				GCC_WARN_UNDECLARED_SELECTOR = YES;
				GCC_WARN_UNINITIALIZED_AUTOS = YES_AGGRESSIVE;
				GCC_WARN_UNUSED_FUNCTION = YES;
				GCC_WARN_UNUSED_VARIABLE = YES;
				IPHONEOS_DEPLOYMENT_TARGET = 8.0;
				MTL_ENABLE_DEBUG_INFO = YES;
				ONLY_ACTIVE_ARCH = YES;
				SDKROOT = iphoneos;
				TARGETED_DEVICE_FAMILY = "1,2";
			};
			name = Debug;
		};
		D00CB56D19E7748B002445DC /* Release */ = {
			isa = XCBuildConfiguration;
			buildSettings = {
				ALWAYS_SEARCH_USER_PATHS = NO;
				CLANG_CXX_LANGUAGE_STANDARD = "gnu++0x";
				CLANG_CXX_LIBRARY = "libc++";
				CLANG_ENABLE_MODULES = YES;
				CLANG_ENABLE_OBJC_ARC = YES;
				CLANG_WARN_BOOL_CONVERSION = YES;
				CLANG_WARN_CONSTANT_CONVERSION = YES;
				CLANG_WARN_DIRECT_OBJC_ISA_USAGE = YES_ERROR;
				CLANG_WARN_EMPTY_BODY = YES;
				CLANG_WARN_ENUM_CONVERSION = YES;
				CLANG_WARN_INT_CONVERSION = YES;
				CLANG_WARN_OBJC_ROOT_CLASS = YES_ERROR;
				CLANG_WARN_UNREACHABLE_CODE = YES;
				CLANG_WARN__DUPLICATE_METHOD_MATCH = YES;
				"CODE_SIGN_IDENTITY[sdk=iphoneos*]" = "iPhone Developer";
				COPY_PHASE_STRIP = YES;
				ENABLE_NS_ASSERTIONS = NO;
				ENABLE_STRICT_OBJC_MSGSEND = YES;
				GCC_C_LANGUAGE_STANDARD = gnu99;
				GCC_WARN_64_TO_32_BIT_CONVERSION = YES;
				GCC_WARN_ABOUT_RETURN_TYPE = YES_ERROR;
				GCC_WARN_UNDECLARED_SELECTOR = YES;
				GCC_WARN_UNINITIALIZED_AUTOS = YES_AGGRESSIVE;
				GCC_WARN_UNUSED_FUNCTION = YES;
				GCC_WARN_UNUSED_VARIABLE = YES;
				IPHONEOS_DEPLOYMENT_TARGET = 8.0;
				MTL_ENABLE_DEBUG_INFO = NO;
				SDKROOT = iphoneos;
				TARGETED_DEVICE_FAMILY = "1,2";
				VALIDATE_PRODUCT = YES;
			};
			name = Release;
		};
		D00CB56F19E7748B002445DC /* Debug */ = {
			isa = XCBuildConfiguration;
			baseConfigurationReference = 0C46AFCD75C66F4561F9758B /* Pods-Ebola.debug.xcconfig */;
			buildSettings = {
				ASSETCATALOG_COMPILER_APPICON_NAME = AppIcon;
				ASSETCATALOG_COMPILER_LAUNCHIMAGE_NAME = LaunchImage;
				"CODE_SIGN_IDENTITY[sdk=iphoneos*]" = "iPhone Developer: Peter Kazazes (96WEYC842Z)";
				FRAMEWORK_SEARCH_PATHS = (
					"$(inherited)",
					"$(PROJECT_DIR)",
					"$(PROJECT_DIR)/Frameworks",
					/Users/peter/Documents/FacebookSDK,
				);
				GCC_PREFIX_HEADER = Ebola/PrefixHeader.pch;
				INFOPLIST_FILE = Ebola/Info.plist;
				IPHONEOS_DEPLOYMENT_TARGET = 7.1;
				LD_RUNPATH_SEARCH_PATHS = "$(inherited) @executable_path/Frameworks";
				LIBRARY_SEARCH_PATHS = "$(inherited)";
				OTHER_LDFLAGS = (
					"-l\"Pods-Ebola-FMDB\"",
					"-l\"Pods-Ebola-GRMustache\"",
					"-l\"Pods-Ebola-JRSwizzle\"",
					"-l\"Pods-Ebola-Mapbox-iOS-SDK\"",
					"-l\"Pods-Ebola-SMCalloutView\"",
					"-l\"Proj4\"",
					"-l\"sqlite3\"",
					"-l\"z\"",
					"-framework",
					"\"CoreGraphics\"",
					"-framework",
					"\"CoreLocation\"",
					"-framework",
					"\"Foundation\"",
					"-framework",
					"\"QuartzCore\"",
					"-framework",
					"\"UIKit\"",
					"$(inherited)",
				);
				PRODUCT_NAME = "$(TARGET_NAME)";
				PROVISIONING_PROFILE = "0f2f613f-e4b4-4027-a5d8-657d267a0cde";
				TARGETED_DEVICE_FAMILY = 1;
			};
			name = Debug;
		};
		D00CB57019E7748B002445DC /* Release */ = {
			isa = XCBuildConfiguration;
			baseConfigurationReference = 449D6882E646FA338515765D /* Pods-Ebola.release.xcconfig */;
			buildSettings = {
				ASSETCATALOG_COMPILER_APPICON_NAME = AppIcon;
				ASSETCATALOG_COMPILER_LAUNCHIMAGE_NAME = LaunchImage;
				"CODE_SIGN_IDENTITY[sdk=iphoneos*]" = "iPhone Distribution: Peter Kazazes (G69P92F3KV)";
				FRAMEWORK_SEARCH_PATHS = (
					"$(inherited)",
					"$(PROJECT_DIR)",
					"$(PROJECT_DIR)/Frameworks",
					/Users/peter/Documents/FacebookSDK,
				);
				GCC_PREFIX_HEADER = Ebola/PrefixHeader.pch;
				INFOPLIST_FILE = Ebola/Info.plist;
				IPHONEOS_DEPLOYMENT_TARGET = 7.1;
				LD_RUNPATH_SEARCH_PATHS = "$(inherited) @executable_path/Frameworks";
				LIBRARY_SEARCH_PATHS = "$(inherited)";
				OTHER_LDFLAGS = (
					"-l\"Pods-Ebola-FMDB\"",
					"-l\"Pods-Ebola-GRMustache\"",
					"-l\"Pods-Ebola-JRSwizzle\"",
					"-l\"Pods-Ebola-Mapbox-iOS-SDK\"",
					"-l\"Pods-Ebola-SMCalloutView\"",
					"-l\"Proj4\"",
					"-l\"sqlite3\"",
					"-l\"z\"",
					"-framework",
					"\"CoreGraphics\"",
					"-framework",
					"\"CoreLocation\"",
					"-framework",
					"\"Foundation\"",
					"-framework",
					"\"QuartzCore\"",
					"-framework",
					"\"UIKit\"",
					"$(inherited)",
				);
				PRODUCT_NAME = "$(TARGET_NAME)";
				PROVISIONING_PROFILE = "0db4c6cd-3061-4613-8fb7-2019ca0cdc4c";
				TARGETED_DEVICE_FAMILY = 1;
			};
			name = Release;
		};
		D00CB57219E7748B002445DC /* Debug */ = {
			isa = XCBuildConfiguration;
			buildSettings = {
				BUNDLE_LOADER = "$(TEST_HOST)";
				FRAMEWORK_SEARCH_PATHS = (
					"$(SDKROOT)/Developer/Library/Frameworks",
					"$(inherited)",
				);
				GCC_PREPROCESSOR_DEFINITIONS = (
					"DEBUG=1",
					"$(inherited)",
				);
				INFOPLIST_FILE = EbolaTests/Info.plist;
				LD_RUNPATH_SEARCH_PATHS = "$(inherited) @executable_path/Frameworks @loader_path/Frameworks";
				PRODUCT_NAME = "$(TARGET_NAME)";
				TEST_HOST = "$(BUILT_PRODUCTS_DIR)/Ebola.app/Ebola";
			};
			name = Debug;
		};
		D00CB57319E7748B002445DC /* Release */ = {
			isa = XCBuildConfiguration;
			buildSettings = {
				BUNDLE_LOADER = "$(TEST_HOST)";
				FRAMEWORK_SEARCH_PATHS = (
					"$(SDKROOT)/Developer/Library/Frameworks",
					"$(inherited)",
				);
				INFOPLIST_FILE = EbolaTests/Info.plist;
				LD_RUNPATH_SEARCH_PATHS = "$(inherited) @executable_path/Frameworks @loader_path/Frameworks";
				PRODUCT_NAME = "$(TARGET_NAME)";
				TEST_HOST = "$(BUILT_PRODUCTS_DIR)/Ebola.app/Ebola";
			};
			name = Release;
		};
/* End XCBuildConfiguration section */

/* Begin XCConfigurationList section */
		D00CB54619E7748A002445DC /* Build configuration list for PBXProject "Ebola" */ = {
			isa = XCConfigurationList;
			buildConfigurations = (
				D00CB56C19E7748B002445DC /* Debug */,
				D00CB56D19E7748B002445DC /* Release */,
			);
			defaultConfigurationIsVisible = 0;
			defaultConfigurationName = Release;
		};
		D00CB56E19E7748B002445DC /* Build configuration list for PBXNativeTarget "Ebola" */ = {
			isa = XCConfigurationList;
			buildConfigurations = (
				D00CB56F19E7748B002445DC /* Debug */,
				D00CB57019E7748B002445DC /* Release */,
			);
			defaultConfigurationIsVisible = 0;
			defaultConfigurationName = Release;
		};
		D00CB57119E7748B002445DC /* Build configuration list for PBXNativeTarget "EbolaTests" */ = {
			isa = XCConfigurationList;
			buildConfigurations = (
				D00CB57219E7748B002445DC /* Debug */,
				D00CB57319E7748B002445DC /* Release */,
			);
			defaultConfigurationIsVisible = 0;
			defaultConfigurationName = Release;
		};
/* End XCConfigurationList section */

/* Begin XCVersionGroup section */
		D0EFF3AF1A05A86600944E95 /* Ebola.xcdatamodeld */ = {
			isa = XCVersionGroup;
			children = (
				D0EFF3B01A05A86600944E95 /* Ebola.xcdatamodel */,
			);
			currentVersion = D0EFF3B01A05A86600944E95 /* Ebola.xcdatamodel */;
			path = Ebola.xcdatamodeld;
			sourceTree = "<group>";
			versionGroupType = wrapper.xcdatamodel;
		};
/* End XCVersionGroup section */
	};
	rootObject = D00CB54319E7748A002445DC /* Project object */;
}
